
Microsoft Visual Studio Solution File, Format Version 12.00
# Visual Studio 15
VisualStudioVersion = 15.0.26228.9
MinimumVisualStudioVersion = 10.0.40219.1
Project("{FAE04EC0-301F-11D3-BF4B-00C04F79EFBC}") = "ReactiveUI.Dialogs", "ReactiveUI.Dialogs\ReactiveUI.Dialogs.csproj", "{67F9D3A8-F71E-4428-913F-C37AE82CDB24}"
EndProject
Project("{D954291E-2A0B-460D-934E-DC6B0785DB48}") = "DialogTest", "DialogTest\DialogTest\DialogTest.shproj", "{9A8D2F49-4B66-4EB4-8D4E-FD2E8AE04657}"
EndProject
Project("{FAE04EC0-301F-11D3-BF4B-00C04F79EFBC}") = "DialogTest.Android", "DialogTest\DialogTest.Android\DialogTest.Android.csproj", "{D437F1C2-CDFE-459B-8512-3E1193A3374D}"
EndProject
Project("{FAE04EC0-301F-11D3-BF4B-00C04F79EFBC}") = "DialogTest.iOS", "DialogTest\DialogTest.iOS\DialogTest.iOS.csproj", "{0C5EFF9E-AE2E-490B-B6C6-A0CF42770F64}"
EndProject
Project("{FAE04EC0-301F-11D3-BF4B-00C04F79EFBC}") = "DialogTest.UWP", "DialogTest\DialogTest.UWP\DialogTest.UWP.csproj", "{24B19B80-4E06-4DA7-A66D-7E226CC25819}"
EndProject
Project("{2150E333-8FDC-42A3-9474-1A3956D46DE8}") = "Solution Items", "Solution Items", "{4426887A-6451-44D8-A50B-295E67995DD9}"
	ProjectSection(SolutionItems) = preProject
		README.md = README.md
	EndProjectSection
EndProject
Global
	GlobalSection(SharedMSBuildProjectFiles) = preSolution
		DialogTest\DialogTest\DialogTest.projitems*{0c5eff9e-ae2e-490b-b6c6-a0cf42770f64}*SharedItemsImports = 4
		DialogTest\DialogTest\DialogTest.projitems*{24b19b80-4e06-4da7-a66d-7e226cc25819}*SharedItemsImports = 4
		DialogTest\DialogTest\DialogTest.projitems*{9a8d2f49-4b66-4eb4-8d4e-fd2e8ae04657}*SharedItemsImports = 13
		DialogTest\DialogTest\DialogTest.projitems*{d437f1c2-cdfe-459b-8512-3e1193a3374d}*SharedItemsImports = 4
	EndGlobalSection
	GlobalSection(SolutionConfigurationPlatforms) = preSolution
		Ad-Hoc|Any CPU = Ad-Hoc|Any CPU
		Ad-Hoc|ARM = Ad-Hoc|ARM
		Ad-Hoc|iPhone = Ad-Hoc|iPhone
		Ad-Hoc|iPhoneSimulator = Ad-Hoc|iPhoneSimulator
		Ad-Hoc|x64 = Ad-Hoc|x64
		Ad-Hoc|x86 = Ad-Hoc|x86
		AppStore|Any CPU = AppStore|Any CPU
		AppStore|ARM = AppStore|ARM
		AppStore|iPhone = AppStore|iPhone
		AppStore|iPhoneSimulator = AppStore|iPhoneSimulator
		AppStore|x64 = AppStore|x64
		AppStore|x86 = AppStore|x86
		Debug|Any CPU = Debug|Any CPU
		Debug|ARM = Debug|ARM
		Debug|iPhone = Debug|iPhone
		Debug|iPhoneSimulator = Debug|iPhoneSimulator
		Debug|x64 = Debug|x64
		Debug|x86 = Debug|x86
		Release|Any CPU = Release|Any CPU
		Release|ARM = Release|ARM
		Release|iPhone = Release|iPhone
		Release|iPhoneSimulator = Release|iPhoneSimulator
		Release|x64 = Release|x64
		Release|x86 = Release|x86
	EndGlobalSection
	GlobalSection(ProjectConfigurationPlatforms) = postSolution
		{67F9D3A8-F71E-4428-913F-C37AE82CDB24}.Ad-Hoc|Any CPU.ActiveCfg = Release|Any CPU
		{67F9D3A8-F71E-4428-913F-C37AE82CDB24}.Ad-Hoc|Any CPU.Build.0 = Release|Any CPU
		{67F9D3A8-F71E-4428-913F-C37AE82CDB24}.Ad-Hoc|ARM.ActiveCfg = Release|Any CPU
		{67F9D3A8-F71E-4428-913F-C37AE82CDB24}.Ad-Hoc|ARM.Build.0 = Release|Any CPU
		{67F9D3A8-F71E-4428-913F-C37AE82CDB24}.Ad-Hoc|iPhone.ActiveCfg = Release|Any CPU
		{67F9D3A8-F71E-4428-913F-C37AE82CDB24}.Ad-Hoc|iPhone.Build.0 = Release|Any CPU
		{67F9D3A8-F71E-4428-913F-C37AE82CDB24}.Ad-Hoc|iPhoneSimulator.ActiveCfg = Release|Any CPU
		{67F9D3A8-F71E-4428-913F-C37AE82CDB24}.Ad-Hoc|iPhoneSimulator.Build.0 = Release|Any CPU
		{67F9D3A8-F71E-4428-913F-C37AE82CDB24}.Ad-Hoc|x64.ActiveCfg = Release|Any CPU
		{67F9D3A8-F71E-4428-913F-C37AE82CDB24}.Ad-Hoc|x64.Build.0 = Release|Any CPU
		{67F9D3A8-F71E-4428-913F-C37AE82CDB24}.Ad-Hoc|x86.ActiveCfg = Release|Any CPU
		{67F9D3A8-F71E-4428-913F-C37AE82CDB24}.Ad-Hoc|x86.Build.0 = Release|Any CPU
		{67F9D3A8-F71E-4428-913F-C37AE82CDB24}.AppStore|Any CPU.ActiveCfg = Release|Any CPU
		{67F9D3A8-F71E-4428-913F-C37AE82CDB24}.AppStore|Any CPU.Build.0 = Release|Any CPU
		{67F9D3A8-F71E-4428-913F-C37AE82CDB24}.AppStore|ARM.ActiveCfg = Release|Any CPU
		{67F9D3A8-F71E-4428-913F-C37AE82CDB24}.AppStore|ARM.Build.0 = Release|Any CPU
		{67F9D3A8-F71E-4428-913F-C37AE82CDB24}.AppStore|iPhone.ActiveCfg = Release|Any CPU
		{67F9D3A8-F71E-4428-913F-C37AE82CDB24}.AppStore|iPhone.Build.0 = Release|Any CPU
		{67F9D3A8-F71E-4428-913F-C37AE82CDB24}.AppStore|iPhoneSimulator.ActiveCfg = Release|Any CPU
		{67F9D3A8-F71E-4428-913F-C37AE82CDB24}.AppStore|iPhoneSimulator.Build.0 = Release|Any CPU
		{67F9D3A8-F71E-4428-913F-C37AE82CDB24}.AppStore|x64.ActiveCfg = Release|Any CPU
		{67F9D3A8-F71E-4428-913F-C37AE82CDB24}.AppStore|x64.Build.0 = Release|Any CPU
		{67F9D3A8-F71E-4428-913F-C37AE82CDB24}.AppStore|x86.ActiveCfg = Release|Any CPU
		{67F9D3A8-F71E-4428-913F-C37AE82CDB24}.AppStore|x86.Build.0 = Release|Any CPU
		{67F9D3A8-F71E-4428-913F-C37AE82CDB24}.Debug|Any CPU.ActiveCfg = Debug|Any CPU
		{67F9D3A8-F71E-4428-913F-C37AE82CDB24}.Debug|Any CPU.Build.0 = Debug|Any CPU
		{67F9D3A8-F71E-4428-913F-C37AE82CDB24}.Debug|ARM.ActiveCfg = Debug|Any CPU
		{67F9D3A8-F71E-4428-913F-C37AE82CDB24}.Debug|ARM.Build.0 = Debug|Any CPU
		{67F9D3A8-F71E-4428-913F-C37AE82CDB24}.Debug|iPhone.ActiveCfg = Debug|Any CPU
		{67F9D3A8-F71E-4428-913F-C37AE82CDB24}.Debug|iPhone.Build.0 = Debug|Any CPU
		{67F9D3A8-F71E-4428-913F-C37AE82CDB24}.Debug|iPhoneSimulator.ActiveCfg = Debug|Any CPU
		{67F9D3A8-F71E-4428-913F-C37AE82CDB24}.Debug|iPhoneSimulator.Build.0 = Debug|Any CPU
		{67F9D3A8-F71E-4428-913F-C37AE82CDB24}.Debug|x64.ActiveCfg = Debug|Any CPU
		{67F9D3A8-F71E-4428-913F-C37AE82CDB24}.Debug|x64.Build.0 = Debug|Any CPU
		{67F9D3A8-F71E-4428-913F-C37AE82CDB24}.Debug|x86.ActiveCfg = Debug|Any CPU
		{67F9D3A8-F71E-4428-913F-C37AE82CDB24}.Debug|x86.Build.0 = Debug|Any CPU
		{67F9D3A8-F71E-4428-913F-C37AE82CDB24}.Release|Any CPU.ActiveCfg = Release|Any CPU
		{67F9D3A8-F71E-4428-913F-C37AE82CDB24}.Release|Any CPU.Build.0 = Release|Any CPU
		{67F9D3A8-F71E-4428-913F-C37AE82CDB24}.Release|ARM.ActiveCfg = Release|Any CPU
		{67F9D3A8-F71E-4428-913F-C37AE82CDB24}.Release|ARM.Build.0 = Release|Any CPU
		{67F9D3A8-F71E-4428-913F-C37AE82CDB24}.Release|iPhone.ActiveCfg = Release|Any CPU
		{67F9D3A8-F71E-4428-913F-C37AE82CDB24}.Release|iPhone.Build.0 = Release|Any CPU
		{67F9D3A8-F71E-4428-913F-C37AE82CDB24}.Release|iPhoneSimulator.ActiveCfg = Release|Any CPU
		{67F9D3A8-F71E-4428-913F-C37AE82CDB24}.Release|iPhoneSimulator.Build.0 = Release|Any CPU
		{67F9D3A8-F71E-4428-913F-C37AE82CDB24}.Release|x64.ActiveCfg = Release|Any CPU
		{67F9D3A8-F71E-4428-913F-C37AE82CDB24}.Release|x64.Build.0 = Release|Any CPU
		{67F9D3A8-F71E-4428-913F-C37AE82CDB24}.Release|x86.ActiveCfg = Release|Any CPU
		{67F9D3A8-F71E-4428-913F-C37AE82CDB24}.Release|x86.Build.0 = Release|Any CPU
		{D437F1C2-CDFE-459B-8512-3E1193A3374D}.Ad-Hoc|Any CPU.ActiveCfg = Release|Any CPU
		{D437F1C2-CDFE-459B-8512-3E1193A3374D}.Ad-Hoc|Any CPU.Build.0 = Release|Any CPU
		{D437F1C2-CDFE-459B-8512-3E1193A3374D}.Ad-Hoc|Any CPU.Deploy.0 = Release|Any CPU
		{D437F1C2-CDFE-459B-8512-3E1193A3374D}.Ad-Hoc|ARM.ActiveCfg = Release|Any CPU
		{D437F1C2-CDFE-459B-8512-3E1193A3374D}.Ad-Hoc|ARM.Build.0 = Release|Any CPU
		{D437F1C2-CDFE-459B-8512-3E1193A3374D}.Ad-Hoc|ARM.Deploy.0 = Release|Any CPU
		{D437F1C2-CDFE-459B-8512-3E1193A3374D}.Ad-Hoc|iPhone.ActiveCfg = Release|Any CPU
		{D437F1C2-CDFE-459B-8512-3E1193A3374D}.Ad-Hoc|iPhone.Build.0 = Release|Any CPU
		{D437F1C2-CDFE-459B-8512-3E1193A3374D}.Ad-Hoc|iPhone.Deploy.0 = Release|Any CPU
		{D437F1C2-CDFE-459B-8512-3E1193A3374D}.Ad-Hoc|iPhoneSimulator.ActiveCfg = Release|Any CPU
		{D437F1C2-CDFE-459B-8512-3E1193A3374D}.Ad-Hoc|iPhoneSimulator.Build.0 = Release|Any CPU
		{D437F1C2-CDFE-459B-8512-3E1193A3374D}.Ad-Hoc|iPhoneSimulator.Deploy.0 = Release|Any CPU
		{D437F1C2-CDFE-459B-8512-3E1193A3374D}.Ad-Hoc|x64.ActiveCfg = Release|Any CPU
		{D437F1C2-CDFE-459B-8512-3E1193A3374D}.Ad-Hoc|x64.Build.0 = Release|Any CPU
		{D437F1C2-CDFE-459B-8512-3E1193A3374D}.Ad-Hoc|x64.Deploy.0 = Release|Any CPU
		{D437F1C2-CDFE-459B-8512-3E1193A3374D}.Ad-Hoc|x86.ActiveCfg = Release|Any CPU
		{D437F1C2-CDFE-459B-8512-3E1193A3374D}.Ad-Hoc|x86.Build.0 = Release|Any CPU
		{D437F1C2-CDFE-459B-8512-3E1193A3374D}.Ad-Hoc|x86.Deploy.0 = Release|Any CPU
		{D437F1C2-CDFE-459B-8512-3E1193A3374D}.AppStore|Any CPU.ActiveCfg = Release|Any CPU
		{D437F1C2-CDFE-459B-8512-3E1193A3374D}.AppStore|Any CPU.Build.0 = Release|Any CPU
		{D437F1C2-CDFE-459B-8512-3E1193A3374D}.AppStore|Any CPU.Deploy.0 = Release|Any CPU
		{D437F1C2-CDFE-459B-8512-3E1193A3374D}.AppStore|ARM.ActiveCfg = Release|Any CPU
		{D437F1C2-CDFE-459B-8512-3E1193A3374D}.AppStore|ARM.Build.0 = Release|Any CPU
		{D437F1C2-CDFE-459B-8512-3E1193A3374D}.AppStore|ARM.Deploy.0 = Release|Any CPU
		{D437F1C2-CDFE-459B-8512-3E1193A3374D}.AppStore|iPhone.ActiveCfg = Release|Any CPU
		{D437F1C2-CDFE-459B-8512-3E1193A3374D}.AppStore|iPhone.Build.0 = Release|Any CPU
		{D437F1C2-CDFE-459B-8512-3E1193A3374D}.AppStore|iPhone.Deploy.0 = Release|Any CPU
		{D437F1C2-CDFE-459B-8512-3E1193A3374D}.AppStore|iPhoneSimulator.ActiveCfg = Release|Any CPU
		{D437F1C2-CDFE-459B-8512-3E1193A3374D}.AppStore|iPhoneSimulator.Build.0 = Release|Any CPU
		{D437F1C2-CDFE-459B-8512-3E1193A3374D}.AppStore|iPhoneSimulator.Deploy.0 = Release|Any CPU
		{D437F1C2-CDFE-459B-8512-3E1193A3374D}.AppStore|x64.ActiveCfg = Release|Any CPU
		{D437F1C2-CDFE-459B-8512-3E1193A3374D}.AppStore|x64.Build.0 = Release|Any CPU
		{D437F1C2-CDFE-459B-8512-3E1193A3374D}.AppStore|x64.Deploy.0 = Release|Any CPU
		{D437F1C2-CDFE-459B-8512-3E1193A3374D}.AppStore|x86.ActiveCfg = Release|Any CPU
		{D437F1C2-CDFE-459B-8512-3E1193A3374D}.AppStore|x86.Build.0 = Release|Any CPU
		{D437F1C2-CDFE-459B-8512-3E1193A3374D}.AppStore|x86.Deploy.0 = Release|Any CPU
		{D437F1C2-CDFE-459B-8512-3E1193A3374D}.Debug|Any CPU.ActiveCfg = Debug|Any CPU
		{D437F1C2-CDFE-459B-8512-3E1193A3374D}.Debug|Any CPU.Build.0 = Debug|Any CPU
		{D437F1C2-CDFE-459B-8512-3E1193A3374D}.Debug|Any CPU.Deploy.0 = Debug|Any CPU
		{D437F1C2-CDFE-459B-8512-3E1193A3374D}.Debug|ARM.ActiveCfg = Debug|Any CPU
		{D437F1C2-CDFE-459B-8512-3E1193A3374D}.Debug|ARM.Build.0 = Debug|Any CPU
		{D437F1C2-CDFE-459B-8512-3E1193A3374D}.Debug|ARM.Deploy.0 = Debug|Any CPU
		{D437F1C2-CDFE-459B-8512-3E1193A3374D}.Debug|iPhone.ActiveCfg = Debug|Any CPU
		{D437F1C2-CDFE-459B-8512-3E1193A3374D}.Debug|iPhone.Build.0 = Debug|Any CPU
		{D437F1C2-CDFE-459B-8512-3E1193A3374D}.Debug|iPhone.Deploy.0 = Debug|Any CPU
		{D437F1C2-CDFE-459B-8512-3E1193A3374D}.Debug|iPhoneSimulator.ActiveCfg = Debug|Any CPU
		{D437F1C2-CDFE-459B-8512-3E1193A3374D}.Debug|iPhoneSimulator.Build.0 = Debug|Any CPU
		{D437F1C2-CDFE-459B-8512-3E1193A3374D}.Debug|iPhoneSimulator.Deploy.0 = Debug|Any CPU
		{D437F1C2-CDFE-459B-8512-3E1193A3374D}.Debug|x64.ActiveCfg = Debug|Any CPU
		{D437F1C2-CDFE-459B-8512-3E1193A3374D}.Debug|x64.Build.0 = Debug|Any CPU
		{D437F1C2-CDFE-459B-8512-3E1193A3374D}.Debug|x64.Deploy.0 = Debug|Any CPU
		{D437F1C2-CDFE-459B-8512-3E1193A3374D}.Debug|x86.ActiveCfg = Debug|Any CPU
		{D437F1C2-CDFE-459B-8512-3E1193A3374D}.Debug|x86.Build.0 = Debug|Any CPU
		{D437F1C2-CDFE-459B-8512-3E1193A3374D}.Debug|x86.Deploy.0 = Debug|Any CPU
		{D437F1C2-CDFE-459B-8512-3E1193A3374D}.Release|Any CPU.ActiveCfg = Release|Any CPU
		{D437F1C2-CDFE-459B-8512-3E1193A3374D}.Release|Any CPU.Build.0 = Release|Any CPU
		{D437F1C2-CDFE-459B-8512-3E1193A3374D}.Release|Any CPU.Deploy.0 = Release|Any CPU
		{D437F1C2-CDFE-459B-8512-3E1193A3374D}.Release|ARM.ActiveCfg = Release|Any CPU
		{D437F1C2-CDFE-459B-8512-3E1193A3374D}.Release|ARM.Build.0 = Release|Any CPU
		{D437F1C2-CDFE-459B-8512-3E1193A3374D}.Release|ARM.Deploy.0 = Release|Any CPU
		{D437F1C2-CDFE-459B-8512-3E1193A3374D}.Release|iPhone.ActiveCfg = Release|Any CPU
		{D437F1C2-CDFE-459B-8512-3E1193A3374D}.Release|iPhone.Build.0 = Release|Any CPU
		{D437F1C2-CDFE-459B-8512-3E1193A3374D}.Release|iPhone.Deploy.0 = Release|Any CPU
		{D437F1C2-CDFE-459B-8512-3E1193A3374D}.Release|iPhoneSimulator.ActiveCfg = Release|Any CPU
		{D437F1C2-CDFE-459B-8512-3E1193A3374D}.Release|iPhoneSimulator.Build.0 = Release|Any CPU
		{D437F1C2-CDFE-459B-8512-3E1193A3374D}.Release|iPhoneSimulator.Deploy.0 = Release|Any CPU
		{D437F1C2-CDFE-459B-8512-3E1193A3374D}.Release|x64.ActiveCfg = Release|Any CPU
		{D437F1C2-CDFE-459B-8512-3E1193A3374D}.Release|x64.Build.0 = Release|Any CPU
		{D437F1C2-CDFE-459B-8512-3E1193A3374D}.Release|x64.Deploy.0 = Release|Any CPU
		{D437F1C2-CDFE-459B-8512-3E1193A3374D}.Release|x86.ActiveCfg = Release|Any CPU
		{D437F1C2-CDFE-459B-8512-3E1193A3374D}.Release|x86.Build.0 = Release|Any CPU
		{D437F1C2-CDFE-459B-8512-3E1193A3374D}.Release|x86.Deploy.0 = Release|Any CPU
		{0C5EFF9E-AE2E-490B-B6C6-A0CF42770F64}.Ad-Hoc|Any CPU.ActiveCfg = Ad-Hoc|iPhone
		{0C5EFF9E-AE2E-490B-B6C6-A0CF42770F64}.Ad-Hoc|ARM.ActiveCfg = Ad-Hoc|iPhone
		{0C5EFF9E-AE2E-490B-B6C6-A0CF42770F64}.Ad-Hoc|iPhone.ActiveCfg = Ad-Hoc|iPhone
		{0C5EFF9E-AE2E-490B-B6C6-A0CF42770F64}.Ad-Hoc|iPhone.Build.0 = Ad-Hoc|iPhone
		{0C5EFF9E-AE2E-490B-B6C6-A0CF42770F64}.Ad-Hoc|iPhoneSimulator.ActiveCfg = Ad-Hoc|iPhoneSimulator
		{0C5EFF9E-AE2E-490B-B6C6-A0CF42770F64}.Ad-Hoc|iPhoneSimulator.Build.0 = Ad-Hoc|iPhoneSimulator
		{0C5EFF9E-AE2E-490B-B6C6-A0CF42770F64}.Ad-Hoc|x64.ActiveCfg = Ad-Hoc|iPhone
		{0C5EFF9E-AE2E-490B-B6C6-A0CF42770F64}.Ad-Hoc|x86.ActiveCfg = Ad-Hoc|iPhone
		{0C5EFF9E-AE2E-490B-B6C6-A0CF42770F64}.AppStore|Any CPU.ActiveCfg = AppStore|iPhone
		{0C5EFF9E-AE2E-490B-B6C6-A0CF42770F64}.AppStore|ARM.ActiveCfg = AppStore|iPhone
		{0C5EFF9E-AE2E-490B-B6C6-A0CF42770F64}.AppStore|iPhone.ActiveCfg = AppStore|iPhone
		{0C5EFF9E-AE2E-490B-B6C6-A0CF42770F64}.AppStore|iPhone.Build.0 = AppStore|iPhone
		{0C5EFF9E-AE2E-490B-B6C6-A0CF42770F64}.AppStore|iPhoneSimulator.ActiveCfg = AppStore|iPhoneSimulator
		{0C5EFF9E-AE2E-490B-B6C6-A0CF42770F64}.AppStore|iPhoneSimulator.Build.0 = AppStore|iPhoneSimulator
		{0C5EFF9E-AE2E-490B-B6C6-A0CF42770F64}.AppStore|x64.ActiveCfg = AppStore|iPhone
		{0C5EFF9E-AE2E-490B-B6C6-A0CF42770F64}.AppStore|x86.ActiveCfg = AppStore|iPhone
		{0C5EFF9E-AE2E-490B-B6C6-A0CF42770F64}.Debug|Any CPU.ActiveCfg = Debug|iPhone
		{0C5EFF9E-AE2E-490B-B6C6-A0CF42770F64}.Debug|ARM.ActiveCfg = Debug|iPhone
		{0C5EFF9E-AE2E-490B-B6C6-A0CF42770F64}.Debug|iPhone.ActiveCfg = Debug|iPhone
		{0C5EFF9E-AE2E-490B-B6C6-A0CF42770F64}.Debug|iPhone.Build.0 = Debug|iPhone
		{0C5EFF9E-AE2E-490B-B6C6-A0CF42770F64}.Debug|iPhoneSimulator.ActiveCfg = Debug|iPhoneSimulator
		{0C5EFF9E-AE2E-490B-B6C6-A0CF42770F64}.Debug|iPhoneSimulator.Build.0 = Debug|iPhoneSimulator
		{0C5EFF9E-AE2E-490B-B6C6-A0CF42770F64}.Debug|x64.ActiveCfg = Debug|iPhone
		{0C5EFF9E-AE2E-490B-B6C6-A0CF42770F64}.Debug|x86.ActiveCfg = Debug|iPhone
		{0C5EFF9E-AE2E-490B-B6C6-A0CF42770F64}.Release|Any CPU.ActiveCfg = Release|iPhone
		{0C5EFF9E-AE2E-490B-B6C6-A0CF42770F64}.Release|ARM.ActiveCfg = Release|iPhone
		{0C5EFF9E-AE2E-490B-B6C6-A0CF42770F64}.Release|iPhone.ActiveCfg = Release|iPhone
		{0C5EFF9E-AE2E-490B-B6C6-A0CF42770F64}.Release|iPhone.Build.0 = Release|iPhone
		{0C5EFF9E-AE2E-490B-B6C6-A0CF42770F64}.Release|iPhoneSimulator.ActiveCfg = Release|iPhoneSimulator
		{0C5EFF9E-AE2E-490B-B6C6-A0CF42770F64}.Release|iPhoneSimulator.Build.0 = Release|iPhoneSimulator
		{0C5EFF9E-AE2E-490B-B6C6-A0CF42770F64}.Release|x64.ActiveCfg = Release|iPhone
		{0C5EFF9E-AE2E-490B-B6C6-A0CF42770F64}.Release|x86.ActiveCfg = Release|iPhone
		{24B19B80-4E06-4DA7-A66D-7E226CC25819}.Ad-Hoc|Any CPU.ActiveCfg = Release|x86
		{24B19B80-4E06-4DA7-A66D-7E226CC25819}.Ad-Hoc|Any CPU.Build.0 = Release|x86
		{24B19B80-4E06-4DA7-A66D-7E226CC25819}.Ad-Hoc|Any CPU.Deploy.0 = Release|x86
		{24B19B80-4E06-4DA7-A66D-7E226CC25819}.Ad-Hoc|ARM.ActiveCfg = Release|ARM
		{24B19B80-4E06-4DA7-A66D-7E226CC25819}.Ad-Hoc|ARM.Build.0 = Release|ARM
		{24B19B80-4E06-4DA7-A66D-7E226CC25819}.Ad-Hoc|ARM.Deploy.0 = Release|ARM
		{24B19B80-4E06-4DA7-A66D-7E226CC25819}.Ad-Hoc|iPhone.ActiveCfg = Release|x86
		{24B19B80-4E06-4DA7-A66D-7E226CC25819}.Ad-Hoc|iPhone.Build.0 = Release|x86
		{24B19B80-4E06-4DA7-A66D-7E226CC25819}.Ad-Hoc|iPhone.Deploy.0 = Release|x86
		{24B19B80-4E06-4DA7-A66D-7E226CC25819}.Ad-Hoc|iPhoneSimulator.ActiveCfg = Release|x86
		{24B19B80-4E06-4DA7-A66D-7E226CC25819}.Ad-Hoc|iPhoneSimulator.Build.0 = Release|x86
		{24B19B80-4E06-4DA7-A66D-7E226CC25819}.Ad-Hoc|iPhoneSimulator.Deploy.0 = Release|x86
		{24B19B80-4E06-4DA7-A66D-7E226CC25819}.Ad-Hoc|x64.ActiveCfg = Release|x64
		{24B19B80-4E06-4DA7-A66D-7E226CC25819}.Ad-Hoc|x64.Build.0 = Release|x64
		{24B19B80-4E06-4DA7-A66D-7E226CC25819}.Ad-Hoc|x64.Deploy.0 = Release|x64
		{24B19B80-4E06-4DA7-A66D-7E226CC25819}.Ad-Hoc|x86.ActiveCfg = Release|x86
		{24B19B80-4E06-4DA7-A66D-7E226CC25819}.Ad-Hoc|x86.Build.0 = Release|x86
		{24B19B80-4E06-4DA7-A66D-7E226CC25819}.Ad-Hoc|x86.Deploy.0 = Release|x86
		{24B19B80-4E06-4DA7-A66D-7E226CC25819}.AppStore|Any CPU.ActiveCfg = Release|x86
		{24B19B80-4E06-4DA7-A66D-7E226CC25819}.AppStore|Any CPU.Build.0 = Release|x86
		{24B19B80-4E06-4DA7-A66D-7E226CC25819}.AppStore|Any CPU.Deploy.0 = Release|x86
		{24B19B80-4E06-4DA7-A66D-7E226CC25819}.AppStore|ARM.ActiveCfg = Release|ARM
		{24B19B80-4E06-4DA7-A66D-7E226CC25819}.AppStore|ARM.Build.0 = Release|ARM
		{24B19B80-4E06-4DA7-A66D-7E226CC25819}.AppStore|ARM.Deploy.0 = Release|ARM
		{24B19B80-4E06-4DA7-A66D-7E226CC25819}.AppStore|iPhone.ActiveCfg = Release|x86
		{24B19B80-4E06-4DA7-A66D-7E226CC25819}.AppStore|iPhone.Build.0 = Release|x86
		{24B19B80-4E06-4DA7-A66D-7E226CC25819}.AppStore|iPhone.Deploy.0 = Release|x86
		{24B19B80-4E06-4DA7-A66D-7E226CC25819}.AppStore|iPhoneSimulator.ActiveCfg = Release|x86
		{24B19B80-4E06-4DA7-A66D-7E226CC25819}.AppStore|iPhoneSimulator.Build.0 = Release|x86
		{24B19B80-4E06-4DA7-A66D-7E226CC25819}.AppStore|iPhoneSimulator.Deploy.0 = Release|x86
		{24B19B80-4E06-4DA7-A66D-7E226CC25819}.AppStore|x64.ActiveCfg = Release|x64
		{24B19B80-4E06-4DA7-A66D-7E226CC25819}.AppStore|x64.Build.0 = Release|x64
		{24B19B80-4E06-4DA7-A66D-7E226CC25819}.AppStore|x64.Deploy.0 = Release|x64
		{24B19B80-4E06-4DA7-A66D-7E226CC25819}.AppStore|x86.ActiveCfg = Release|x86
		{24B19B80-4E06-4DA7-A66D-7E226CC25819}.AppStore|x86.Build.0 = Release|x86
		{24B19B80-4E06-4DA7-A66D-7E226CC25819}.AppStore|x86.Deploy.0 = Release|x86
		{24B19B80-4E06-4DA7-A66D-7E226CC25819}.Debug|Any CPU.ActiveCfg = Debug|x86
		{24B19B80-4E06-4DA7-A66D-7E226CC25819}.Debug|Any CPU.Build.0 = Debug|x86
		{24B19B80-4E06-4DA7-A66D-7E226CC25819}.Debug|Any CPU.Deploy.0 = Debug|x86
		{24B19B80-4E06-4DA7-A66D-7E226CC25819}.Debug|ARM.ActiveCfg = Debug|ARM
		{24B19B80-4E06-4DA7-A66D-7E226CC25819}.Debug|ARM.Build.0 = Debug|ARM
		{24B19B80-4E06-4DA7-A66D-7E226CC25819}.Debug|ARM.Deploy.0 = Debug|ARM
		{24B19B80-4E06-4DA7-A66D-7E226CC25819}.Debug|iPhone.ActiveCfg = Debug|x86
		{24B19B80-4E06-4DA7-A66D-7E226CC25819}.Debug|iPhoneSimulator.ActiveCfg = Debug|x86
		{24B19B80-4E06-4DA7-A66D-7E226CC25819}.Debug|iPhoneSimulator.Build.0 = Debug|x86
		{24B19B80-4E06-4DA7-A66D-7E226CC25819}.Debug|iPhoneSimulator.Deploy.0 = Debug|x86
		{24B19B80-4E06-4DA7-A66D-7E226CC25819}.Debug|x64.ActiveCfg = Debug|x64
		{24B19B80-4E06-4DA7-A66D-7E226CC25819}.Debug|x64.Build.0 = Debug|x64
		{24B19B80-4E06-4DA7-A66D-7E226CC25819}.Debug|x64.Deploy.0 = Debug|x64
		{24B19B80-4E06-4DA7-A66D-7E226CC25819}.Debug|x86.ActiveCfg = Debug|x86
		{24B19B80-4E06-4DA7-A66D-7E226CC25819}.Debug|x86.Build.0 = Debug|x86
		{24B19B80-4E06-4DA7-A66D-7E226CC25819}.Debug|x86.Deploy.0 = Debug|x86
		{24B19B80-4E06-4DA7-A66D-7E226CC25819}.Release|Any CPU.ActiveCfg = Release|x86
		{24B19B80-4E06-4DA7-A66D-7E226CC25819}.Release|ARM.ActiveCfg = Release|ARM
		{24B19B80-4E06-4DA7-A66D-7E226CC25819}.Release|ARM.Build.0 = Release|ARM
		{24B19B80-4E06-4DA7-A66D-7E226CC25819}.Release|ARM.Deploy.0 = Release|ARM
		{24B19B80-4E06-4DA7-A66D-7E226CC25819}.Release|iPhone.ActiveCfg = Release|x86
		{24B19B80-4E06-4DA7-A66D-7E226CC25819}.Release|iPhoneSimulator.ActiveCfg = Release|x86
		{24B19B80-4E06-4DA7-A66D-7E226CC25819}.Release|x64.ActiveCfg = Release|x64
		{24B19B80-4E06-4DA7-A66D-7E226CC25819}.Release|x64.Build.0 = Release|x64
		{24B19B80-4E06-4DA7-A66D-7E226CC25819}.Release|x64.Deploy.0 = Release|x64
		{24B19B80-4E06-4DA7-A66D-7E226CC25819}.Release|x86.ActiveCfg = Release|x86
		{24B19B80-4E06-4DA7-A66D-7E226CC25819}.Release|x86.Build.0 = Release|x86
		{24B19B80-4E06-4DA7-A66D-7E226CC25819}.Release|x86.Deploy.0 = Release|x86
	EndGlobalSection
	GlobalSection(SolutionProperties) = preSolution
		HideSolutionNode = FALSE
	EndGlobalSection
EndGlobal
